// !$*UTF8*$!
{
	archiveVersion = 1;
	classes = {
	};
	objectVersion = 50;
	objects = {

/* Begin PBXBuildFile section */
		B3706A7E218A49C8001D1FF7 /* AppDelegate.swift in Sources */ = {isa = PBXBuildFile; fileRef = B3706A7D218A49C8001D1FF7 /* AppDelegate.swift */; };
		B3706A80218A49C8001D1FF7 /* ViewController.swift in Sources */ = {isa = PBXBuildFile; fileRef = B3706A7F218A49C8001D1FF7 /* ViewController.swift */; };
		B3706A83218A49C8001D1FF7 /* Main.storyboard in Resources */ = {isa = PBXBuildFile; fileRef = B3706A81218A49C8001D1FF7 /* Main.storyboard */; };
		B3706A85218A49C9001D1FF7 /* Assets.xcassets in Resources */ = {isa = PBXBuildFile; fileRef = B3706A84218A49C9001D1FF7 /* Assets.xcassets */; };
		B3706A88218A49C9001D1FF7 /* LaunchScreen.storyboard in Resources */ = {isa = PBXBuildFile; fileRef = B3706A86218A49C9001D1FF7 /* LaunchScreen.storyboard */; };
		B3706A93218A49C9001D1FF7 /* PoppoTests.swift in Sources */ = {isa = PBXBuildFile; fileRef = B3706A92218A49C9001D1FF7 /* PoppoTests.swift */; };
		B3706A9E218A49C9001D1FF7 /* PoppoUITests.swift in Sources */ = {isa = PBXBuildFile; fileRef = B3706A9D218A49C9001D1FF7 /* PoppoUITests.swift */; };
/* End PBXBuildFile section */

/* Begin PBXContainerItemProxy section */
		B3706A8F218A49C9001D1FF7 /* PBXContainerItemProxy */ = {
			isa = PBXContainerItemProxy;
			containerPortal = B3706A72218A49C8001D1FF7 /* Project object */;
			proxyType = 1;
			remoteGlobalIDString = B3706A79218A49C8001D1FF7;
			remoteInfo = Poppo;
		};
		B3706A9A218A49C9001D1FF7 /* PBXContainerItemProxy */ = {
			isa = PBXContainerItemProxy;
			containerPortal = B3706A72218A49C8001D1FF7 /* Project object */;
			proxyType = 1;
			remoteGlobalIDString = B3706A79218A49C8001D1FF7;
			remoteInfo = Poppo;
		};
/* End PBXContainerItemProxy section */

/* Begin PBXFileReference section */
		B3706A7A218A49C8001D1FF7 /* Poppo.app */ = {isa = PBXFileReference; explicitFileType = wrapper.application; includeInIndex = 0; path = Poppo.app; sourceTree = BUILT_PRODUCTS_DIR; };
		B3706A7D218A49C8001D1FF7 /* AppDelegate.swift */ = {isa = PBXFileReference; lastKnownFileType = sourcecode.swift; path = AppDelegate.swift; sourceTree = "<group>"; };
		B3706A7F218A49C8001D1FF7 /* ViewController.swift */ = {isa = PBXFileReference; lastKnownFileType = sourcecode.swift; path = ViewController.swift; sourceTree = "<group>"; };
		B3706A82218A49C8001D1FF7 /* Base */ = {isa = PBXFileReference; lastKnownFileType = file.storyboard; name = Base; path = Base.lproj/Main.storyboard; sourceTree = "<group>"; };
		B3706A84218A49C9001D1FF7 /* Assets.xcassets */ = {isa = PBXFileReference; lastKnownFileType = folder.assetcatalog; path = Assets.xcassets; sourceTree = "<group>"; };
		B3706A87218A49C9001D1FF7 /* Base */ = {isa = PBXFileReference; lastKnownFileType = file.storyboard; name = Base; path = Base.lproj/LaunchScreen.storyboard; sourceTree = "<group>"; };
		B3706A89218A49C9001D1FF7 /* Info.plist */ = {isa = PBXFileReference; lastKnownFileType = text.plist.xml; path = Info.plist; sourceTree = "<group>"; };
		B3706A8E218A49C9001D1FF7 /* PoppoTests.xctest */ = {isa = PBXFileReference; explicitFileType = wrapper.cfbundle; includeInIndex = 0; path = PoppoTests.xctest; sourceTree = BUILT_PRODUCTS_DIR; };
		B3706A92218A49C9001D1FF7 /* PoppoTests.swift */ = {isa = PBXFileReference; lastKnownFileType = sourcecode.swift; path = PoppoTests.swift; sourceTree = "<group>"; };
		B3706A94218A49C9001D1FF7 /* Info.plist */ = {isa = PBXFileReference; lastKnownFileType = text.plist.xml; path = Info.plist; sourceTree = "<group>"; };
		B3706A99218A49C9001D1FF7 /* PoppoUITests.xctest */ = {isa = PBXFileReference; explicitFileType = wrapper.cfbundle; includeInIndex = 0; path = PoppoUITests.xctest; sourceTree = BUILT_PRODUCTS_DIR; };
		B3706A9D218A49C9001D1FF7 /* PoppoUITests.swift */ = {isa = PBXFileReference; lastKnownFileType = sourcecode.swift; path = PoppoUITests.swift; sourceTree = "<group>"; };
		B3706A9F218A49C9001D1FF7 /* Info.plist */ = {isa = PBXFileReference; lastKnownFileType = text.plist.xml; path = Info.plist; sourceTree = "<group>"; };
/* End PBXFileReference section */

/* Begin PBXFrameworksBuildPhase section */
		B3706A77218A49C8001D1FF7 /* Frameworks */ = {
			isa = PBXFrameworksBuildPhase;
			buildActionMask = 2147483647;
			files = (
			);
			runOnlyForDeploymentPostprocessing = 0;
		};
		B3706A8B218A49C9001D1FF7 /* Frameworks */ = {
			isa = PBXFrameworksBuildPhase;
			buildActionMask = 2147483647;
			files = (
			);
			runOnlyForDeploymentPostprocessing = 0;
		};
		B3706A96218A49C9001D1FF7 /* Frameworks */ = {
			isa = PBXFrameworksBuildPhase;
			buildActionMask = 2147483647;
			files = (
			);
			runOnlyForDeploymentPostprocessing = 0;
		};
/* End PBXFrameworksBuildPhase section */

/* Begin PBXGroup section */
		B3706A71218A49C8001D1FF7 = {
			isa = PBXGroup;
			children = (
				B3706A7C218A49C8001D1FF7 /* Poppo */,
				B3706A91218A49C9001D1FF7 /* PoppoTests */,
				B3706A9C218A49C9001D1FF7 /* PoppoUITests */,
				B3706A7B218A49C8001D1FF7 /* Products */,
			);
			sourceTree = "<group>";
		};
		B3706A7B218A49C8001D1FF7 /* Products */ = {
			isa = PBXGroup;
			children = (
				B3706A7A218A49C8001D1FF7 /* Poppo.app */,
				B3706A8E218A49C9001D1FF7 /* PoppoTests.xctest */,
				B3706A99218A49C9001D1FF7 /* PoppoUITests.xctest */,
			);
			name = Products;
			sourceTree = "<group>";
		};
		B3706A7C218A49C8001D1FF7 /* Poppo */ = {
			isa = PBXGroup;
			children = (
				B3706A7D218A49C8001D1FF7 /* AppDelegate.swift */,
				B3706A7F218A49C8001D1FF7 /* ViewController.swift */,
				B3706A81218A49C8001D1FF7 /* Main.storyboard */,
				B3706A84218A49C9001D1FF7 /* Assets.xcassets */,
				B3706A86218A49C9001D1FF7 /* LaunchScreen.storyboard */,
				B3706A89218A49C9001D1FF7 /* Info.plist */,
			);
			path = Poppo;
			sourceTree = "<group>";
		};
		B3706A91218A49C9001D1FF7 /* PoppoTests */ = {
			isa = PBXGroup;
			children = (
				B3706A92218A49C9001D1FF7 /* PoppoTests.swift */,
				B3706A94218A49C9001D1FF7 /* Info.plist */,
			);
			path = PoppoTests;
			sourceTree = "<group>";
		};
		B3706A9C218A49C9001D1FF7 /* PoppoUITests */ = {
			isa = PBXGroup;
			children = (
				B3706A9D218A49C9001D1FF7 /* PoppoUITests.swift */,
				B3706A9F218A49C9001D1FF7 /* Info.plist */,
			);
			path = PoppoUITests;
			sourceTree = "<group>";
		};
/* End PBXGroup section */

/* Begin PBXNativeTarget section */
		B3706A79218A49C8001D1FF7 /* Poppo */ = {
			isa = PBXNativeTarget;
			buildConfigurationList = B3706AA2218A49C9001D1FF7 /* Build configuration list for PBXNativeTarget "Poppo" */;
			buildPhases = (
				B3706A76218A49C8001D1FF7 /* Sources */,
				B3706A77218A49C8001D1FF7 /* Frameworks */,
				B3706A78218A49C8001D1FF7 /* Resources */,
			);
			buildRules = (
			);
			dependencies = (
			);
			name = Poppo;
			productName = Poppo;
			productReference = B3706A7A218A49C8001D1FF7 /* Poppo.app */;
			productType = "com.apple.product-type.application";
		};
		B3706A8D218A49C9001D1FF7 /* PoppoTests */ = {
			isa = PBXNativeTarget;
			buildConfigurationList = B3706AA5218A49C9001D1FF7 /* Build configuration list for PBXNativeTarget "PoppoTests" */;
			buildPhases = (
				B3706A8A218A49C9001D1FF7 /* Sources */,
				B3706A8B218A49C9001D1FF7 /* Frameworks */,
				B3706A8C218A49C9001D1FF7 /* Resources */,
			);
			buildRules = (
			);
			dependencies = (
				B3706A90218A49C9001D1FF7 /* PBXTargetDependency */,
			);
			name = PoppoTests;
			productName = PoppoTests;
			productReference = B3706A8E218A49C9001D1FF7 /* PoppoTests.xctest */;
			productType = "com.apple.product-type.bundle.unit-test";
		};
		B3706A98218A49C9001D1FF7 /* PoppoUITests */ = {
			isa = PBXNativeTarget;
			buildConfigurationList = B3706AA8218A49C9001D1FF7 /* Build configuration list for PBXNativeTarget "PoppoUITests" */;
			buildPhases = (
				B3706A95218A49C9001D1FF7 /* Sources */,
				B3706A96218A49C9001D1FF7 /* Frameworks */,
				B3706A97218A49C9001D1FF7 /* Resources */,
			);
			buildRules = (
			);
			dependencies = (
				B3706A9B218A49C9001D1FF7 /* PBXTargetDependency */,
			);
			name = PoppoUITests;
			productName = PoppoUITests;
			productReference = B3706A99218A49C9001D1FF7 /* PoppoUITests.xctest */;
			productType = "com.apple.product-type.bundle.ui-testing";
		};
/* End PBXNativeTarget section */

/* Begin PBXProject section */
		B3706A72218A49C8001D1FF7 /* Project object */ = {
			isa = PBXProject;
			attributes = {
				LastSwiftUpdateCheck = 0940;
				LastUpgradeCheck = 0940;
				ORGANIZATIONNAME = ho0t;
				TargetAttributes = {
					B3706A79218A49C8001D1FF7 = {
						CreatedOnToolsVersion = 9.4.1;
					};
					B3706A8D218A49C9001D1FF7 = {
						CreatedOnToolsVersion = 9.4.1;
						TestTargetID = B3706A79218A49C8001D1FF7;
					};
					B3706A98218A49C9001D1FF7 = {
						CreatedOnToolsVersion = 9.4.1;
						TestTargetID = B3706A79218A49C8001D1FF7;
					};
				};
			};
			buildConfigurationList = B3706A75218A49C8001D1FF7 /* Build configuration list for PBXProject "Poppo" */;
			compatibilityVersion = "Xcode 9.3";
			developmentRegion = en;
			hasScannedForEncodings = 0;
			knownRegions = (
				en,
				Base,
			);
			mainGroup = B3706A71218A49C8001D1FF7;
			productRefGroup = B3706A7B218A49C8001D1FF7 /* Products */;
			projectDirPath = "";
			projectRoot = "";
			targets = (
				B3706A79218A49C8001D1FF7 /* Poppo */,
				B3706A8D218A49C9001D1FF7 /* PoppoTests */,
				B3706A98218A49C9001D1FF7 /* PoppoUITests */,
			);
		};
/* End PBXProject section */

/* Begin PBXResourcesBuildPhase section */
		B3706A78218A49C8001D1FF7 /* Resources */ = {
			isa = PBXResourcesBuildPhase;
			buildActionMask = 2147483647;
			files = (
				B3706A88218A49C9001D1FF7 /* LaunchScreen.storyboard in Resources */,
				B3706A85218A49C9001D1FF7 /* Assets.xcassets in Resources */,
				B3706A83218A49C8001D1FF7 /* Main.storyboard in Resources */,
			);
			runOnlyForDeploymentPostprocessing = 0;
		};
		B3706A8C218A49C9001D1FF7 /* Resources */ = {
			isa = PBXResourcesBuildPhase;
			buildActionMask = 2147483647;
			files = (
			);
			runOnlyForDeploymentPostprocessing = 0;
		};
		B3706A97218A49C9001D1FF7 /* Resources */ = {
			isa = PBXResourcesBuildPhase;
			buildActionMask = 2147483647;
			files = (
			);
			runOnlyForDeploymentPostprocessing = 0;
		};
/* End PBXResourcesBuildPhase section */

/* Begin PBXSourcesBuildPhase section */
		B3706A76218A49C8001D1FF7 /* Sources */ = {
			isa = PBXSourcesBuildPhase;
			buildActionMask = 2147483647;
			files = (
				B3706A80218A49C8001D1FF7 /* ViewController.swift in Sources */,
				B3706A7E218A49C8001D1FF7 /* AppDelegate.swift in Sources */,
			);
			runOnlyForDeploymentPostprocessing = 0;
		};
		B3706A8A218A49C9001D1FF7 /* Sources */ = {
			isa = PBXSourcesBuildPhase;
			buildActionMask = 2147483647;
			files = (
				B3706A93218A49C9001D1FF7 /* PoppoTests.swift in Sources */,
			);
			runOnlyForDeploymentPostprocessing = 0;
		};
		B3706A95218A49C9001D1FF7 /* Sources */ = {
			isa = PBXSourcesBuildPhase;
			buildActionMask = 2147483647;
			files = (
				B3706A9E218A49C9001D1FF7 /* PoppoUITests.swift in Sources */,
			);
			runOnlyForDeploymentPostprocessing = 0;
		};
/* End PBXSourcesBuildPhase section */

/* Begin PBXTargetDependency section */
		B3706A90218A49C9001D1FF7 /* PBXTargetDependency */ = {
			isa = PBXTargetDependency;
			target = B3706A79218A49C8001D1FF7 /* Poppo */;
			targetProxy = B3706A8F218A49C9001D1FF7 /* PBXContainerItemProxy */;
		};
		B3706A9B218A49C9001D1FF7 /* PBXTargetDependency */ = {
			isa = PBXTargetDependency;
			target = B3706A79218A49C8001D1FF7 /* Poppo */;
			targetProxy = B3706A9A218A49C9001D1FF7 /* PBXContainerItemProxy */;
		};
/* End PBXTargetDependency section */

/* Begin PBXVariantGroup section */
		B3706A81218A49C8001D1FF7 /* Main.storyboard */ = {
			isa = PBXVariantGroup;
			children = (
				B3706A82218A49C8001D1FF7 /* Base */,
			);
			name = Main.storyboard;
			sourceTree = "<group>";
		};
		B3706A86218A49C9001D1FF7 /* LaunchScreen.storyboard */ = {
			isa = PBXVariantGroup;
			children = (
				B3706A87218A49C9001D1FF7 /* Base */,
			);
			name = LaunchScreen.storyboard;
			sourceTree = "<group>";
		};
/* End PBXVariantGroup section */

/* Begin XCBuildConfiguration section */
		B3706AA0218A49C9001D1FF7 /* Debug */ = {
			isa = XCBuildConfiguration;
			buildSettings = {
				ALWAYS_SEARCH_USER_PATHS = NO;
				CLANG_ANALYZER_NONNULL = YES;
				CLANG_ANALYZER_NUMBER_OBJECT_CONVERSION = YES_AGGRESSIVE;
				CLANG_CXX_LANGUAGE_STANDARD = "gnu++14";
				CLANG_CXX_LIBRARY = "libc++";
				CLANG_ENABLE_MODULES = YES;
				CLANG_ENABLE_OBJC_ARC = YES;
				CLANG_ENABLE_OBJC_WEAK = YES;
				CLANG_WARN_BLOCK_CAPTURE_AUTORELEASING = YES;
				CLANG_WARN_BOOL_CONVERSION = YES;
				CLANG_WARN_COMMA = YES;
				CLANG_WARN_CONSTANT_CONVERSION = YES;
				CLANG_WARN_DEPRECATED_OBJC_IMPLEMENTATIONS = YES;
				CLANG_WARN_DIRECT_OBJC_ISA_USAGE = YES_ERROR;
				CLANG_WARN_DOCUMENTATION_COMMENTS = YES;
				CLANG_WARN_EMPTY_BODY = YES;
				CLANG_WARN_ENUM_CONVERSION = YES;
				CLANG_WARN_INFINITE_RECURSION = YES;
				CLANG_WARN_INT_CONVERSION = YES;
				CLANG_WARN_NON_LITERAL_NULL_CONVERSION = YES;
				CLANG_WARN_OBJC_IMPLICIT_RETAIN_SELF = YES;
				CLANG_WARN_OBJC_LITERAL_CONVERSION = YES;
				CLANG_WARN_OBJC_ROOT_CLASS = YES_ERROR;
				CLANG_WARN_RANGE_LOOP_ANALYSIS = YES;
				CLANG_WARN_STRICT_PROTOTYPES = YES;
				CLANG_WARN_SUSPICIOUS_MOVE = YES;
				CLANG_WARN_UNGUARDED_AVAILABILITY = YES_AGGRESSIVE;
				CLANG_WARN_UNREACHABLE_CODE = YES;
				CLANG_WARN__DUPLICATE_METHOD_MATCH = YES;
				CODE_SIGN_IDENTITY = "iPhone Developer";
				COPY_PHASE_STRIP = NO;
				DEBUG_INFORMATION_FORMAT = dwarf;
				ENABLE_STRICT_OBJC_MSGSEND = YES;
				ENABLE_TESTABILITY = YES;
				GCC_C_LANGUAGE_STANDARD = gnu11;
				GCC_DYNAMIC_NO_PIC = NO;
				GCC_NO_COMMON_BLOCKS = YES;
				GCC_OPTIMIZATION_LEVEL = 0;
				GCC_PREPROCESSOR_DEFINITIONS = (
					"DEBUG=1",
					"$(inherited)",
				);
				GCC_WARN_64_TO_32_BIT_CONVERSION = YES;
				GCC_WARN_ABOUT_RETURN_TYPE = YES_ERROR;
				GCC_WARN_UNDECLARED_SELECTOR = YES;
				GCC_WARN_UNINITIALIZED_AUTOS = YES_AGGRESSIVE;
				GCC_WARN_UNUSED_FUNCTION = YES;
				GCC_WARN_UNUSED_VARIABLE = YES;
				IPHONEOS_DEPLOYMENT_TARGET = 11.4;
				MTL_ENABLE_DEBUG_INFO = YES;
				ONLY_ACTIVE_ARCH = YES;
				SDKROOT = iphoneos;
				SWIFT_ACTIVE_COMPILATION_CONDITIONS = DEBUG;
				SWIFT_OPTIMIZATION_LEVEL = "-Onone";
			};
			name = Debug;
		};
		B3706AA1218A49C9001D1FF7 /* Release */ = {
			isa = XCBuildConfiguration;
			buildSettings = {
				ALWAYS_SEARCH_USER_PATHS = NO;
				CLANG_ANALYZER_NONNULL = YES;
				CLANG_ANALYZER_NUMBER_OBJECT_CONVERSION = YES_AGGRESSIVE;
				CLANG_CXX_LANGUAGE_STANDARD = "gnu++14";
				CLANG_CXX_LIBRARY = "libc++";
				CLANG_ENABLE_MODULES = YES;
				CLANG_ENABLE_OBJC_ARC = YES;
				CLANG_ENABLE_OBJC_WEAK = YES;
				CLANG_WARN_BLOCK_CAPTURE_AUTORELEASING = YES;
				CLANG_WARN_BOOL_CONVERSION = YES;
				CLANG_WARN_COMMA = YES;
				CLANG_WARN_CONSTANT_CONVERSION = YES;
				CLANG_WARN_DEPRECATED_OBJC_IMPLEMENTATIONS = YES;
				CLANG_WARN_DIRECT_OBJC_ISA_USAGE = YES_ERROR;
				CLANG_WARN_DOCUMENTATION_COMMENTS = YES;
				CLANG_WARN_EMPTY_BODY = YES;
				CLANG_WARN_ENUM_CONVERSION = YES;
				CLANG_WARN_INFINITE_RECURSION = YES;
				CLANG_WARN_INT_CONVERSION = YES;
				CLANG_WARN_NON_LITERAL_NULL_CONVERSION = YES;
				CLANG_WARN_OBJC_IMPLICIT_RETAIN_SELF = YES;
				CLANG_WARN_OBJC_LITERAL_CONVERSION = YES;
				CLANG_WARN_OBJC_ROOT_CLASS = YES_ERROR;
				CLANG_WARN_RANGE_LOOP_ANALYSIS = YES;
				CLANG_WARN_STRICT_PROTOTYPES = YES;
				CLANG_WARN_SUSPICIOUS_MOVE = YES;
				CLANG_WARN_UNGUARDED_AVAILABILITY = YES_AGGRESSIVE;
				CLANG_WARN_UNREACHABLE_CODE = YES;
				CLANG_WARN__DUPLICATE_METHOD_MATCH = YES;
				CODE_SIGN_IDENTITY = "iPhone Developer";
				COPY_PHASE_STRIP = NO;
				DEBUG_INFORMATION_FORMAT = "dwarf-with-dsym";
				ENABLE_NS_ASSERTIONS = NO;
				ENABLE_STRICT_OBJC_MSGSEND = YES;
				GCC_C_LANGUAGE_STANDARD = gnu11;
				GCC_NO_COMMON_BLOCKS = YES;
				GCC_WARN_64_TO_32_BIT_CONVERSION = YES;
				GCC_WARN_ABOUT_RETURN_TYPE = YES_ERROR;
				GCC_WARN_UNDECLARED_SELECTOR = YES;
				GCC_WARN_UNINITIALIZED_AUTOS = YES_AGGRESSIVE;
				GCC_WARN_UNUSED_FUNCTION = YES;
				GCC_WARN_UNUSED_VARIABLE = YES;
				IPHONEOS_DEPLOYMENT_TARGET = 11.4;
				MTL_ENABLE_DEBUG_INFO = NO;
				SDKROOT = iphoneos;
				SWIFT_COMPILATION_MODE = wholemodule;
				SWIFT_OPTIMIZATION_LEVEL = "-O";
				VALIDATE_PRODUCT = YES;
			};
			name = Release;
		};
		B3706AA3218A49C9001D1FF7 /* Debug */ = {
			isa = XCBuildConfiguration;
			buildSettings = {
				ASSETCATALOG_COMPILER_APPICON_NAME = AppIcon;
				CODE_SIGN_STYLE = Automatic;
				DEVELOPMENT_TEAM = C8D6ZTZR83;
				INFOPLIST_FILE = Poppo/Info.plist;
				LD_RUNPATH_SEARCH_PATHS = (
					"$(inherited)",
					"@executable_path/Frameworks",
				);
				PRODUCT_BUNDLE_IDENTIFIER = com.ho0t.Poppo;
				PRODUCT_NAME = "$(TARGET_NAME)";
				SWIFT_VERSION = 4.0;
				TARGETED_DEVICE_FAMILY = "1,2";
			};
			name = Debug;
		};
		B3706AA4218A49C9001D1FF7 /* Release */ = {
			isa = XCBuildConfiguration;
			buildSettings = {
				ASSETCATALOG_COMPILER_APPICON_NAME = AppIcon;
				CODE_SIGN_STYLE = Automatic;
				DEVELOPMENT_TEAM = C8D6ZTZR83;
				INFOPLIST_FILE = Poppo/Info.plist;
				LD_RUNPATH_SEARCH_PATHS = (
					"$(inherited)",
					"@executable_path/Frameworks",
				);
				PRODUCT_BUNDLE_IDENTIFIER = com.ho0t.Poppo;
				PRODUCT_NAME = "$(TARGET_NAME)";
				SWIFT_VERSION = 4.0;
				TARGETED_DEVICE_FAMILY = "1,2";
			};
			name = Release;
		};
		B3706AA6218A49C9001D1FF7 /* Debug */ = {
			isa = XCBuildConfiguration;
			buildSettings = {
				ALWAYS_EMBED_SWIFT_STANDARD_LIBRARIES = YES;
				BUNDLE_LOADER = "$(TEST_HOST)";
				CODE_SIGN_STYLE = Automatic;
				DEVELOPMENT_TEAM = C8D6ZTZR83;
				INFOPLIST_FILE = PoppoTests/Info.plist;
				LD_RUNPATH_SEARCH_PATHS = (
					"$(inherited)",
					"@executable_path/Frameworks",
					"@loader_path/Frameworks",
				);
				PRODUCT_BUNDLE_IDENTIFIER = com.ho0t.PoppoTests;
				PRODUCT_NAME = "$(TARGET_NAME)";
				SWIFT_VERSION = 4.0;
				TARGETED_DEVICE_FAMILY = "1,2";
				TEST_HOST = "$(BUILT_PRODUCTS_DIR)/Poppo.app/Poppo";
			};
			name = Debug;
		};
		B3706AA7218A49C9001D1FF7 /* Release */ = {
			isa = XCBuildConfiguration;
			buildSettings = {
				ALWAYS_EMBED_SWIFT_STANDARD_LIBRARIES = YES;
				BUNDLE_LOADER = "$(TEST_HOST)";
				CODE_SIGN_STYLE = Automatic;
				DEVELOPMENT_TEAM = C8D6ZTZR83;
				INFOPLIST_FILE = PoppoTests/Info.plist;
				LD_RUNPATH_SEARCH_PATHS = (
					"$(inherited)",
					"@executable_path/Frameworks",
					"@loader_path/Frameworks",
				);
				PRODUCT_BUNDLE_IDENTIFIER = com.ho0t.PoppoTests;
				PRODUCT_NAME = "$(TARGET_NAME)";
				SWIFT_VERSION = 4.0;
				TARGETED_DEVICE_FAMILY = "1,2";
				TEST_HOST = "$(BUILT_PRODUCTS_DIR)/Poppo.app/Poppo";
			};
			name = Release;
		};
		B3706AA9218A49C9001D1FF7 /* Debug */ = {
			isa = XCBuildConfiguration;
			buildSettings = {
				ALWAYS_EMBED_SWIFT_STANDARD_LIBRARIES = YES;
				CODE_SIGN_STYLE = Automatic;
				DEVELOPMENT_TEAM = C8D6ZTZR83;
				INFOPLIST_FILE = PoppoUITests/Info.plist;
				LD_RUNPATH_SEARCH_PATHS = (
					"$(inherited)",
					"@executable_path/Frameworks",
					"@loader_path/Frameworks",
				);
				PRODUCT_BUNDLE_IDENTIFIER = com.ho0t.PoppoUITests;
				PRODUCT_NAME = "$(TARGET_NAME)";
				SWIFT_VERSION = 4.0;
				TARGETED_DEVICE_FAMILY = "1,2";
				TEST_TARGET_NAME = Poppo;
			};
			name = Debug;
		};
		B3706AAA218A49C9001D1FF7 /* Release */ = {
			isa = XCBuildConfiguration;
			buildSettings = {
				ALWAYS_EMBED_SWIFT_STANDARD_LIBRARIES = YES;
				CODE_SIGN_STYLE = Automatic;
				DEVELOPMENT_TEAM = C8D6ZTZR83;
				INFOPLIST_FILE = PoppoUITests/Info.plist;
				LD_RUNPATH_SEARCH_PATHS = (
					"$(inherited)",
					"@executable_path/Frameworks",
					"@loader_path/Frameworks",
				);
				PRODUCT_BUNDLE_IDENTIFIER = com.ho0t.PoppoUITests;
				PRODUCT_NAME = "$(TARGET_NAME)";
				SWIFT_VERSION = 4.0;
				TARGETED_DEVICE_FAMILY = "1,2";
				TEST_TARGET_NAME = Poppo;
			};
			name = Release;
		};
/* End XCBuildConfiguration section */

/* Begin XCConfigurationList section */
		B3706A75218A49C8001D1FF7 /* Build configuration list for PBXProject "Poppo" */ = {
			isa = XCConfigurationList;
			buildConfigurations = (
				B3706AA0218A49C9001D1FF7 /* Debug */,
				B3706AA1218A49C9001D1FF7 /* Release */,
			);
			defaultConfigurationIsVisible = 0;
			defaultConfigurationName = Release;
		};
		B3706AA2218A49C9001D1FF7 /* Build configuration list for PBXNativeTarget "Poppo" */ = {
			isa = XCConfigurationList;
			buildConfigurations = (
				B3706AA3218A49C9001D1FF7 /* Debug */,
				B3706AA4218A49C9001D1FF7 /* Release */,
			);
			defaultConfigurationIsVisible = 0;
			defaultConfigurationName = Release;
		};
		B3706AA5218A49C9001D1FF7 /* Build configuration list for PBXNativeTarget "PoppoTests" */ = {
			isa = XCConfigurationList;
			buildConfigurations = (
				B3706AA6218A49C9001D1FF7 /* Debug */,
				B3706AA7218A49C9001D1FF7 /* Release */,
			);
			defaultConfigurationIsVisible = 0;
			defaultConfigurationName = Release;
		};
		B3706AA8218A49C9001D1FF7 /* Build configuration list for PBXNativeTarget "PoppoUITests" */ = {
			isa = XCConfigurationList;
			buildConfigurations = (
				B3706AA9218A49C9001D1FF7 /* Debug */,
				B3706AAA218A49C9001D1FF7 /* Release */,
			);
			defaultConfigurationIsVisible = 0;
			defaultConfigurationName = Release;
		};
/* End XCConfigurationList section */
	};
	rootObject = B3706A72218A49C8001D1FF7 /* Project object */;
}
